
Microsoft Visual Studio Solution File, Format Version 12.00
# Visual Studio Version 17
VisualStudioVersion = 17.9.34607.119
MinimumVisualStudioVersion = 10.0.40219.1
Project("{FAE04EC0-301F-11D3-BF4B-00C04F79EFBC}") = "Parati.Dashboard.WebApi2", "Parati.Dashboard.WebApi2\Parati.Dashboard.WebApi2.csproj", "{9DE75D35-CE7E-4CF0-82D9-85E9C23B0CCC}"
EndProject
Project("{FAE04EC0-301F-11D3-BF4B-00C04F79EFBC}") = "Parari.Dashboard.Repository", "Parari.Dashboard.Repository\Parari.Dashboard.Repository.csproj", "{71D32C67-E472-49D8-9194-C4AED79A5733}"
EndProject
Project("{FAE04EC0-301F-11D3-BF4B-00C04F79EFBC}") = "Parati.Dashboard.Services", "Parati.Dashboard.Services\Parati.Dashboard.Services.csproj", "{9BE9ED8A-9D40-463F-81E5-6C527C016470}"
EndProject
Global
	GlobalSection(SolutionConfigurationPlatforms) = preSolution
		Debug|Any CPU = Debug|Any CPU
		Release|Any CPU = Release|Any CPU
	EndGlobalSection
	GlobalSection(SolutionProperties) = preSolution
		HideSolutionNode = FALSE
	EndGlobalSection
	GlobalSection(ExtensibilityGlobals) = postSolution
		SolutionGuid = {423BE2BD-6AB3-48A1-A365-BCE06C0DD1BB}
	EndGlobalSection
	GlobalSection(ProjectConfigurationPlatforms) = postSolution
		{9DE75D35-CE7E-4CF0-82D9-85E9C23B0CCC}.Debug|Any CPU.ActiveCfg = Debug|Any CPU
		{9DE75D35-CE7E-4CF0-82D9-85E9C23B0CCC}.Debug|Any CPU.Build.0 = Debug|Any CPU
		{9DE75D35-CE7E-4CF0-82D9-85E9C23B0CCC}.Release|Any CPU.ActiveCfg = Release|Any CPU
		{9DE75D35-CE7E-4CF0-82D9-85E9C23B0CCC}.Release|Any CPU.Build.0 = Release|Any CPU
		{71D32C67-E472-49D8-9194-C4AED79A5733}.Debug|Any CPU.ActiveCfg = Debug|Any CPU
		{71D32C67-E472-49D8-9194-C4AED79A5733}.Debug|Any CPU.Build.0 = Debug|Any CPU
		{71D32C67-E472-49D8-9194-C4AED79A5733}.Release|Any CPU.ActiveCfg = Release|Any CPU
		{71D32C67-E472-49D8-9194-C4AED79A5733}.Release|Any CPU.Build.0 = Release|Any CPU
		{9BE9ED8A-9D40-463F-81E5-6C527C016470}.Debug|Any CPU.ActiveCfg = Debug|Any CPU
		{9BE9ED8A-9D40-463F-81E5-6C527C016470}.Debug|Any CPU.Build.0 = Debug|Any CPU
		{9BE9ED8A-9D40-463F-81E5-6C527C016470}.Release|Any CPU.ActiveCfg = Release|Any CPU
		{9BE9ED8A-9D40-463F-81E5-6C527C016470}.Release|Any CPU.Build.0 = Release|Any CPU
	EndGlobalSection
EndGlobal
